// !$*UTF8*$!
{
	archiveVersion = 1;
	classes = {
	};
	objectVersion = 50;
	objects = {

/* Begin PBXBuildFile section */
		147EF7D9239ADCF600D09D29 /* MemoriaTableViewController.swift in Sources */ = {isa = PBXBuildFile; fileRef = 147EF7D8239ADCF600D09D29 /* MemoriaTableViewController.swift */; };
		147EF7DB239AE05300D09D29 /* MemoriaDAO.swift in Sources */ = {isa = PBXBuildFile; fileRef = 147EF7DA239AE05300D09D29 /* MemoriaDAO.swift */; };
		14B46ABE239ACC53000381CA /* AppDelegate.swift in Sources */ = {isa = PBXBuildFile; fileRef = 14B46ABD239ACC53000381CA /* AppDelegate.swift */; };
		14B46AC0239ACC53000381CA /* FormViewController.swift in Sources */ = {isa = PBXBuildFile; fileRef = 14B46ABF239ACC53000381CA /* FormViewController.swift */; };
		14B46AC3239ACC53000381CA /* Main.storyboard in Resources */ = {isa = PBXBuildFile; fileRef = 14B46AC1239ACC53000381CA /* Main.storyboard */; };
		14B46AC6239ACC53000381CA /* Memorias.xcdatamodeld in Sources */ = {isa = PBXBuildFile; fileRef = 14B46AC4239ACC53000381CA /* Memorias.xcdatamodeld */; };
		14B46AC8239ACC58000381CA /* Assets.xcassets in Resources */ = {isa = PBXBuildFile; fileRef = 14B46AC7239ACC58000381CA /* Assets.xcassets */; };
		14B46ACB239ACC58000381CA /* LaunchScreen.storyboard in Resources */ = {isa = PBXBuildFile; fileRef = 14B46AC9239ACC58000381CA /* LaunchScreen.storyboard */; };
/* End PBXBuildFile section */

/* Begin PBXFileReference section */
		147EF7D8239ADCF600D09D29 /* MemoriaTableViewController.swift */ = {isa = PBXFileReference; lastKnownFileType = sourcecode.swift; path = MemoriaTableViewController.swift; sourceTree = "<group>"; };
		147EF7DA239AE05300D09D29 /* MemoriaDAO.swift */ = {isa = PBXFileReference; lastKnownFileType = sourcecode.swift; path = MemoriaDAO.swift; sourceTree = "<group>"; };
		14B46ABA239ACC53000381CA /* Memorias.app */ = {isa = PBXFileReference; explicitFileType = wrapper.application; includeInIndex = 0; path = Memorias.app; sourceTree = BUILT_PRODUCTS_DIR; };
		14B46ABD239ACC53000381CA /* AppDelegate.swift */ = {isa = PBXFileReference; lastKnownFileType = sourcecode.swift; path = AppDelegate.swift; sourceTree = "<group>"; };
		14B46ABF239ACC53000381CA /* FormViewController.swift */ = {isa = PBXFileReference; lastKnownFileType = sourcecode.swift; path = FormViewController.swift; sourceTree = "<group>"; };
		14B46AC2239ACC53000381CA /* Base */ = {isa = PBXFileReference; lastKnownFileType = file.storyboard; name = Base; path = Base.lproj/Main.storyboard; sourceTree = "<group>"; };
		14B46AC5239ACC53000381CA /* Memorias.xcdatamodel */ = {isa = PBXFileReference; lastKnownFileType = wrapper.xcdatamodel; path = Memorias.xcdatamodel; sourceTree = "<group>"; };
		14B46AC7239ACC58000381CA /* Assets.xcassets */ = {isa = PBXFileReference; lastKnownFileType = folder.assetcatalog; path = Assets.xcassets; sourceTree = "<group>"; };
		14B46ACA239ACC58000381CA /* Base */ = {isa = PBXFileReference; lastKnownFileType = file.storyboard; name = Base; path = Base.lproj/LaunchScreen.storyboard; sourceTree = "<group>"; };
		14B46ACC239ACC58000381CA /* Info.plist */ = {isa = PBXFileReference; lastKnownFileType = text.plist.xml; path = Info.plist; sourceTree = "<group>"; };
/* End PBXFileReference section */

/* Begin PBXFrameworksBuildPhase section */
		14B46AB7239ACC53000381CA /* Frameworks */ = {
			isa = PBXFrameworksBuildPhase;
			buildActionMask = 2147483647;
			files = (
			);
			runOnlyForDeploymentPostprocessing = 0;
		};
/* End PBXFrameworksBuildPhase section */

/* Begin PBXGroup section */
		14B46AB1239ACC52000381CA = {
			isa = PBXGroup;
			children = (
				14B46ABC239ACC53000381CA /* Memorias */,
				14B46ABB239ACC53000381CA /* Products */,
			);
			sourceTree = "<group>";
		};
		14B46ABB239ACC53000381CA /* Products */ = {
			isa = PBXGroup;
			children = (
				14B46ABA239ACC53000381CA /* Memorias.app */,
			);
			name = Products;
			sourceTree = "<group>";
		};
		14B46ABC239ACC53000381CA /* Memorias */ = {
			isa = PBXGroup;
			children = (
				14B46AD4239ACC71000381CA /* controller */,
				14B46AD3239ACC6C000381CA /* model */,
				14B46AD2239ACC65000381CA /* view */,
				14B46ABD239ACC53000381CA /* AppDelegate.swift */,
				14B46AC7239ACC58000381CA /* Assets.xcassets */,
				14B46AC9239ACC58000381CA /* LaunchScreen.storyboard */,
				14B46ACC239ACC58000381CA /* Info.plist */,
			);
			path = Memorias;
			sourceTree = "<group>";
		};
		14B46AD2239ACC65000381CA /* view */ = {
			isa = PBXGroup;
			children = (
				14B46AC1239ACC53000381CA /* Main.storyboard */,
			);
			path = view;
			sourceTree = "<group>";
		};
		14B46AD3239ACC6C000381CA /* model */ = {
			isa = PBXGroup;
			children = (
				14B46AC4239ACC53000381CA /* Memorias.xcdatamodeld */,
				147EF7DA239AE05300D09D29 /* MemoriaDAO.swift */,
			);
			path = model;
			sourceTree = "<group>";
		};
		14B46AD4239ACC71000381CA /* controller */ = {
			isa = PBXGroup;
			children = (
				14B46ABF239ACC53000381CA /* FormViewController.swift */,
				147EF7D8239ADCF600D09D29 /* MemoriaTableViewController.swift */,
			);
			path = controller;
			sourceTree = "<group>";
		};
/* End PBXGroup section */

/* Begin PBXNativeTarget section */
		14B46AB9239ACC53000381CA /* Memorias */ = {
			isa = PBXNativeTarget;
			buildConfigurationList = 14B46ACF239ACC58000381CA /* Build configuration list for PBXNativeTarget "Memorias" */;
			buildPhases = (
				14B46AB6239ACC53000381CA /* Sources */,
				14B46AB7239ACC53000381CA /* Frameworks */,
				14B46AB8239ACC53000381CA /* Resources */,
			);
			buildRules = (
			);
			dependencies = (
			);
			name = Memorias;
			productName = Memorias;
			productReference = 14B46ABA239ACC53000381CA /* Memorias.app */;
			productType = "com.apple.product-type.application";
		};
/* End PBXNativeTarget section */

/* Begin PBXProject section */
		14B46AB2239ACC52000381CA /* Project object */ = {
			isa = PBXProject;
			attributes = {
				LastSwiftUpdateCheck = 1010;
				LastUpgradeCheck = 1010;
				ORGANIZATIONNAME = IFPB;
				TargetAttributes = {
					14B46AB9239ACC53000381CA = {
						CreatedOnToolsVersion = 10.1;
					};
				};
			};
			buildConfigurationList = 14B46AB5239ACC52000381CA /* Build configuration list for PBXProject "Memorias" */;
			compatibilityVersion = "Xcode 9.3";
			developmentRegion = en;
			hasScannedForEncodings = 0;
			knownRegions = (
				en,
				Base,
			);
			mainGroup = 14B46AB1239ACC52000381CA;
			productRefGroup = 14B46ABB239ACC53000381CA /* Products */;
			projectDirPath = "";
			projectRoot = "";
			targets = (
				14B46AB9239ACC53000381CA /* Memorias */,
			);
		};
/* End PBXProject section */

/* Begin PBXResourcesBuildPhase section */
		14B46AB8239ACC53000381CA /* Resources */ = {
			isa = PBXResourcesBuildPhase;
			buildActionMask = 2147483647;
			files = (
				14B46ACB239ACC58000381CA /* LaunchScreen.storyboard in Resources */,
				14B46AC8239ACC58000381CA /* Assets.xcassets in Resources */,
				14B46AC3239ACC53000381CA /* Main.storyboard in Resources */,
			);
			runOnlyForDeploymentPostprocessing = 0;
		};
/* End PBXResourcesBuildPhase section */

/* Begin PBXSourcesBuildPhase section */
		14B46AB6239ACC53000381CA /* Sources */ = {
			isa = PBXSourcesBuildPhase;
			buildActionMask = 2147483647;
			files = (
				147EF7DB239AE05300D09D29 /* MemoriaDAO.swift in Sources */,
				147EF7D9239ADCF600D09D29 /* MemoriaTableViewController.swift in Sources */,
				14B46AC6239ACC53000381CA /* Memorias.xcdatamodeld in Sources */,
				14B46AC0239ACC53000381CA /* FormViewController.swift in Sources */,
				14B46ABE239ACC53000381CA /* AppDelegate.swift in Sources */,
			);
			runOnlyForDeploymentPostprocessing = 0;
		};
/* End PBXSourcesBuildPhase section */

/* Begin PBXVariantGroup section */
		14B46AC1239ACC53000381CA /* Main.storyboard */ = {
			isa = PBXVariantGroup;
			children = (
				14B46AC2239ACC53000381CA /* Base */,
			);
			name = Main.storyboard;
			sourceTree = "<group>";
		};
		14B46AC9239ACC58000381CA /* LaunchScreen.storyboard */ = {
			isa = PBXVariantGroup;
			children = (
				14B46ACA239ACC58000381CA /* Base */,
			);
			name = LaunchScreen.storyboard;
			sourceTree = "<group>";
		};
/* End PBXVariantGroup section */

/* Begin XCBuildConfiguration section */
		14B46ACD239ACC58000381CA /* Debug */ = {
			isa = XCBuildConfiguration;
			buildSettings = {
				ALWAYS_SEARCH_USER_PATHS = NO;
				CLANG_ANALYZER_NONNULL = YES;
				CLANG_ANALYZER_NUMBER_OBJECT_CONVERSION = YES_AGGRESSIVE;
				CLANG_CXX_LANGUAGE_STANDARD = "gnu++14";
				CLANG_CXX_LIBRARY = "libc++";
				CLANG_ENABLE_MODULES = YES;
				CLANG_ENABLE_OBJC_ARC = YES;
				CLANG_ENABLE_OBJC_WEAK = YES;
				CLANG_WARN_BLOCK_CAPTURE_AUTORELEASING = YES;
				CLANG_WARN_BOOL_CONVERSION = YES;
				CLANG_WARN_COMMA = YES;
				CLANG_WARN_CONSTANT_CONVERSION = YES;
				CLANG_WARN_DEPRECATED_OBJC_IMPLEMENTATIONS = YES;
				CLANG_WARN_DIRECT_OBJC_ISA_USAGE = YES_ERROR;
				CLANG_WARN_DOCUMENTATION_COMMENTS = YES;
				CLANG_WARN_EMPTY_BODY = YES;
				CLANG_WARN_ENUM_CONVERSION = YES;
				CLANG_WARN_INFINITE_RECURSION = YES;
				CLANG_WARN_INT_CONVERSION = YES;
				CLANG_WARN_NON_LITERAL_NULL_CONVERSION = YES;
				CLANG_WARN_OBJC_IMPLICIT_RETAIN_SELF = YES;
				CLANG_WARN_OBJC_LITERAL_CONVERSION = YES;
				CLANG_WARN_OBJC_ROOT_CLASS = YES_ERROR;
				CLANG_WARN_RANGE_LOOP_ANALYSIS = YES;
				CLANG_WARN_STRICT_PROTOTYPES = YES;
				CLANG_WARN_SUSPICIOUS_MOVE = YES;
				CLANG_WARN_UNGUARDED_AVAILABILITY = YES_AGGRESSIVE;
				CLANG_WARN_UNREACHABLE_CODE = YES;
				CLANG_WARN__DUPLICATE_METHOD_MATCH = YES;
				CODE_SIGN_IDENTITY = "iPhone Developer";
				COPY_PHASE_STRIP = NO;
				DEBUG_INFORMATION_FORMAT = dwarf;
				ENABLE_STRICT_OBJC_MSGSEND = YES;
				ENABLE_TESTABILITY = YES;
				GCC_C_LANGUAGE_STANDARD = gnu11;
				GCC_DYNAMIC_NO_PIC = NO;
				GCC_NO_COMMON_BLOCKS = YES;
				GCC_OPTIMIZATION_LEVEL = 0;
				GCC_PREPROCESSOR_DEFINITIONS = (
					"DEBUG=1",
					"$(inherited)",
				);
				GCC_WARN_64_TO_32_BIT_CONVERSION = YES;
				GCC_WARN_ABOUT_RETURN_TYPE = YES_ERROR;
				GCC_WARN_UNDECLARED_SELECTOR = YES;
				GCC_WARN_UNINITIALIZED_AUTOS = YES_AGGRESSIVE;
				GCC_WARN_UNUSED_FUNCTION = YES;
				GCC_WARN_UNUSED_VARIABLE = YES;
				IPHONEOS_DEPLOYMENT_TARGET = 12.1;
				MTL_ENABLE_DEBUG_INFO = INCLUDE_SOURCE;
				MTL_FAST_MATH = YES;
				ONLY_ACTIVE_ARCH = YES;
				SDKROOT = iphoneos;
				SWIFT_ACTIVE_COMPILATION_CONDITIONS = DEBUG;
				SWIFT_OPTIMIZATION_LEVEL = "-Onone";
			};
			name = Debug;
		};
		14B46ACE239ACC58000381CA /* Release */ = {
			isa = XCBuildConfiguration;
			buildSettings = {
				ALWAYS_SEARCH_USER_PATHS = NO;
				CLANG_ANALYZER_NONNULL = YES;
				CLANG_ANALYZER_NUMBER_OBJECT_CONVERSION = YES_AGGRESSIVE;
				CLANG_CXX_LANGUAGE_STANDARD = "gnu++14";
				CLANG_CXX_LIBRARY = "libc++";
				CLANG_ENABLE_MODULES = YES;
				CLANG_ENABLE_OBJC_ARC = YES;
				CLANG_ENABLE_OBJC_WEAK = YES;
				CLANG_WARN_BLOCK_CAPTURE_AUTORELEASING = YES;
				CLANG_WARN_BOOL_CONVERSION = YES;
				CLANG_WARN_COMMA = YES;
				CLANG_WARN_CONSTANT_CONVERSION = YES;
				CLANG_WARN_DEPRECATED_OBJC_IMPLEMENTATIONS = YES;
				CLANG_WARN_DIRECT_OBJC_ISA_USAGE = YES_ERROR;
				CLANG_WARN_DOCUMENTATION_COMMENTS = YES;
				CLANG_WARN_EMPTY_BODY = YES;
				CLANG_WARN_ENUM_CONVERSION = YES;
				CLANG_WARN_INFINITE_RECURSION = YES;
				CLANG_WARN_INT_CONVERSION = YES;
				CLANG_WARN_NON_LITERAL_NULL_CONVERSION = YES;
				CLANG_WARN_OBJC_IMPLICIT_RETAIN_SELF = YES;
				CLANG_WARN_OBJC_LITERAL_CONVERSION = YES;
				CLANG_WARN_OBJC_ROOT_CLASS = YES_ERROR;
				CLANG_WARN_RANGE_LOOP_ANALYSIS = YES;
				CLANG_WARN_STRICT_PROTOTYPES = YES;
				CLANG_WARN_SUSPICIOUS_MOVE = YES;
				CLANG_WARN_UNGUARDED_AVAILABILITY = YES_AGGRESSIVE;
				CLANG_WARN_UNREACHABLE_CODE = YES;
				CLANG_WARN__DUPLICATE_METHOD_MATCH = YES;
				CODE_SIGN_IDENTITY = "iPhone Developer";
				COPY_PHASE_STRIP = NO;
				DEBUG_INFORMATION_FORMAT = "dwarf-with-dsym";
				ENABLE_NS_ASSERTIONS = NO;
				ENABLE_STRICT_OBJC_MSGSEND = YES;
				GCC_C_LANGUAGE_STANDARD = gnu11;
				GCC_NO_COMMON_BLOCKS = YES;
				GCC_WARN_64_TO_32_BIT_CONVERSION = YES;
				GCC_WARN_ABOUT_RETURN_TYPE = YES_ERROR;
				GCC_WARN_UNDECLARED_SELECTOR = YES;
				GCC_WARN_UNINITIALIZED_AUTOS = YES_AGGRESSIVE;
				GCC_WARN_UNUSED_FUNCTION = YES;
				GCC_WARN_UNUSED_VARIABLE = YES;
				IPHONEOS_DEPLOYMENT_TARGET = 12.1;
				MTL_ENABLE_DEBUG_INFO = NO;
				MTL_FAST_MATH = YES;
				SDKROOT = iphoneos;
				SWIFT_COMPILATION_MODE = wholemodule;
				SWIFT_OPTIMIZATION_LEVEL = "-O";
				VALIDATE_PRODUCT = YES;
			};
			name = Release;
		};
		14B46AD0239ACC58000381CA /* Debug */ = {
			isa = XCBuildConfiguration;
			buildSettings = {
				ASSETCATALOG_COMPILER_APPICON_NAME = AppIcon;
				CODE_SIGN_STYLE = Automatic;
				INFOPLIST_FILE = Memorias/Info.plist;
				LD_RUNPATH_SEARCH_PATHS = (
					"$(inherited)",
					"@executable_path/Frameworks",
				);
				PRODUCT_BUNDLE_IDENTIFIER = br.edu.ifpb.Memorias;
				PRODUCT_NAME = "$(TARGET_NAME)";
				SWIFT_VERSION = 4.2;
				TARGETED_DEVICE_FAMILY = "1,2";
			};
			name = Debug;
		};
		14B46AD1239ACC58000381CA /* Release */ = {
			isa = XCBuildConfiguration;
			buildSettings = {
				ASSETCATALOG_COMPILER_APPICON_NAME = AppIcon;
				CODE_SIGN_STYLE = Automatic;
				INFOPLIST_FILE = Memorias/Info.plist;
				LD_RUNPATH_SEARCH_PATHS = (
					"$(inherited)",
					"@executable_path/Frameworks",
				);
				PRODUCT_BUNDLE_IDENTIFIER = br.edu.ifpb.Memorias;
				PRODUCT_NAME = "$(TARGET_NAME)";
				SWIFT_VERSION = 4.2;
				TARGETED_DEVICE_FAMILY = "1,2";
			};
			name = Release;
		};
/* End XCBuildConfiguration section */

/* Begin XCConfigurationList section */
		14B46AB5239ACC52000381CA /* Build configuration list for PBXProject "Memorias" */ = {
			isa = XCConfigurationList;
			buildConfigurations = (
				14B46ACD239ACC58000381CA /* Debug */,
				14B46ACE239ACC58000381CA /* Release */,
			);
			defaultConfigurationIsVisible = 0;
			defaultConfigurationName = Release;
		};
		14B46ACF239ACC58000381CA /* Build configuration list for PBXNativeTarget "Memorias" */ = {
			isa = XCConfigurationList;
			buildConfigurations = (
				14B46AD0239ACC58000381CA /* Debug */,
				14B46AD1239ACC58000381CA /* Release */,
			);
			defaultConfigurationIsVisible = 0;
			defaultConfigurationName = Release;
		};
/* End XCConfigurationList section */

/* Begin XCVersionGroup section */
		14B46AC4239ACC53000381CA /* Memorias.xcdatamodeld */ = {
			isa = XCVersionGroup;
			children = (
				14B46AC5239ACC53000381CA /* Memorias.xcdatamodel */,
			);
			currentVersion = 14B46AC5239ACC53000381CA /* Memorias.xcdatamodel */;
			path = Memorias.xcdatamodeld;
			sourceTree = "<group>";
			versionGroupType = wrapper.xcdatamodel;
		};
/* End XCVersionGroup section */
	};
	rootObject = 14B46AB2239ACC52000381CA /* Project object */;
}
